{
  "nodes": {
    "agent-skills": {
      "inputs": {
        "home-manager": "home-manager",
        "nixpkgs": [
          "nixpkgs"
        ]
      },
      "locked": {
        "lastModified": 1777875835,
        "narHash": "sha256-+ghBYIh477YxDPd0sKeD4AwnKJSOXKT0nHuAAGHL1cQ=",
        "owner": "Kyure-A",
        "repo": "agent-skills-nix",
        "rev": "c6cb03f84cda0dc3f5daa05bf4d49f56c182f690",
        "type": "github"
      },
      "original": {
        "owner": "Kyure-A",
        "repo": "agent-skills-nix",
        "type": "github"
      }
    },
    "confix": {
      "inputs": {
        "flakelight": "flakelight",
        "nix-wrapper-modules": "nix-wrapper-modules",
        "nixpkgs": [
          "nixpkgs"
        ]
      },
      "locked": {
        "lastModified": 1772779170,
        "narHash": "sha256-rqtDkwweW/qgYwGfUtFbyxmNaHaoiO+suUDAfJRDse0=",
        "owner": "rencire",
        "repo": "confix",
        "rev": "65d0f3a978d79bb426e10f71777a9436dac3d783",
        "type": "github"
      },
      "original": {
        "owner": "rencire",
        "repo": "confix",
        "type": "github"
      }
    },
    "entire-cli-nix": {
      "inputs": {
        "nixpkgs": [
          "nixpkgs"
        ]
      },
      "locked": {
        "lastModified": 1776667978,
        "narHash": "sha256-ls0FNxBnwseNqZLUx/1016Z7Blh4WHT5c12XuUJJs50=",
        "owner": "rencire",
        "repo": "entire-cli-nix",
        "rev": "1e4db097d4172f5e399605a89401716655ca5ab6",
        "type": "github"
      },
      "original": {
        "owner": "rencire",
        "repo": "entire-cli-nix",
        "type": "github"
      }
    },
    "flakelight": {
      "inputs": {
        "nixpkgs": "nixpkgs"
      },
      "locked": {
        "lastModified": 1772457021,
        "narHash": "sha256-TCVI5o3/v/fsLYZhwI7Jp52GVdNq4P/qiAP/B3ww7do=",
        "owner": "nix-community",
        "repo": "flakelight",
        "rev": "c576dab67cdcdc28e81a85f5f1c9c5743742144e",
        "type": "github"
      },
      "original": {
        "owner": "nix-community",
        "repo": "flakelight",
        "type": "github"
      }
    },
    "flakelight_2": {
      "inputs": {
        "nixpkgs": [
          "nixpkgs"
        ]
      },
      "locked": {
        "lastModified": 1777904098,
        "narHash": "sha256-NMyKWHiiTOzUzbdWlYz3zTNnJLhExiEyAUOv2igpg/I=",
        "owner": "accelbread",
        "repo": "flakelight",
        "rev": "d28eb3820853695194dbad8f1846639839bd3959",
        "type": "github"
      },
      "original": {
        "owner": "accelbread",
        "repo": "flakelight",
        "type": "github"
      }
    },
    "home-manager": {
      "inputs": {
        "nixpkgs": [
          "agent-skills",
          "nixpkgs"
        ]
      },
      "locked": {
        "lastModified": 1777852249,
        "narHash": "sha256-XdbGWnFlX4McOEG5NioVsp35Ic6XL/rXnp8as71cu6o=",
        "owner": "nix-community",
        "repo": "home-manager",
        "rev": "c909892de502b4de9e92838a503c09a9c8ebe4aa",
        "type": "github"
      },
      "original": {
        "owner": "nix-community",
        "repo": "home-manager",
        "type": "github"
      }
    },
    "nix-wrapper-modules": {
      "inputs": {
        "nixpkgs": "nixpkgs_2"
      },
      "locked": {
        "lastModified": 1772662098,
        "narHash": "sha256-BKxBM4RNWP+5q0ZQ6v3JlJ0e6fFj/YoYNZ7/OpgabdU=",
        "owner": "BirdeeHub",
        "repo": "nix-wrapper-modules",
        "rev": "2c0a3b795766b25d15ad1ec9eef3a06160154c9a",
        "type": "github"
      },
      "original": {
        "owner": "BirdeeHub",
        "repo": "nix-wrapper-modules",
        "type": "github"
      }
    },
    "nixpkgs": {
      "locked": {
        "lastModified": 1772198003,
        "narHash": "sha256-I45esRSssFtJ8p/gLHUZ1OUaaTaVLluNkABkk6arQwE=",
        "owner": "NixOS",
        "repo": "nixpkgs",
        "rev": "dd9b079222d43e1943b6ebd802f04fd959dc8e61",
        "type": "github"
      },
      "original": {
        "owner": "NixOS",
        "ref": "nixos-unstable",
        "repo": "nixpkgs",
        "type": "github"
      }
    },
    "nixpkgs_2": {
      "locked": {
        "lastModified": 1772419343,
        "narHash": "sha256-QU3Cd5DJH7dHyMnGEFfPcZDaCAsJQ6tUD+JuUsYqnKU=",
        "owner": "NixOS",
        "repo": "nixpkgs",
        "rev": "93178f6a00c22fcdee1c6f5f9ab92f2072072ea9",
        "type": "github"
      },
      "original": {
        "owner": "NixOS",
        "ref": "nixpkgs-unstable",
        "repo": "nixpkgs",
        "type": "github"
      }
    },
    "nixpkgs_3": {
      "locked": {
        "lastModified": 1777826146,
        "narHash": "sha256-wQ/iN5Zp5VIa3ebBibijPnLyKhor+xEbDy4d0goa9Zs=",
        "owner": "NixOS",
        "repo": "nixpkgs",
        "rev": "73c703c22422b8951895a960959dbbaca7296492",
        "type": "github"
      },
      "original": {
        "owner": "NixOS",
        "ref": "nixpkgs-unstable",
        "repo": "nixpkgs",
        "type": "github"
      }
    },
    "personal-skills": {
      "flake": false,
      "locked": {
        "lastModified": 1777952454,
        "narHash": "sha256-jXxQY3hdju8950geiS0hRRJRAH4fiEY6/1T+mB+vIAI=",
        "owner": "rencire",
        "repo": "agent-skills",
        "rev": "e4727a075471d0dcf55af05e230a8d2360ae31b2",
        "type": "github"
      },
      "original": {
        "owner": "rencire",
        "repo": "agent-skills",
        "type": "github"
      }
    },
    "root": {
      "inputs": {
        "agent-skills": "agent-skills",
        "confix": "confix",
        "entire-cli-nix": "entire-cli-nix",
        "flakelight": "flakelight_2",
        "nixpkgs": "nixpkgs_3",
        "personal-skills": "personal-skills"
      }
    }
  },
  "root": "root",
  "version": 7
}
