{
  "nodes": {
    "flakelight": {
      "inputs": {
        "nixpkgs": "nixpkgs"
      },
      "locked": {
        "lastModified": 1765803403,
        "narHash": "sha256-4dB2fDOKJZz3gnoD+VDGI+c4Ztud9rC5kqVG/XyhNvA=",
        "owner": "accelbread",
        "repo": "flakelight",
        "rev": "c10ecde0869fbcb4c99e298e86756c207feff432",
        "type": "github"
      },
      "original": {
        "owner": "accelbread",
        "repo": "flakelight",
        "type": "github"
      }
    },
    "nixpkgs": {
      "locked": {
        "lastModified": 1765472234,
        "narHash": "sha256-9VvC20PJPsleGMewwcWYKGzDIyjckEz8uWmT0vCDYK0=",
        "owner": "NixOS",
        "repo": "nixpkgs",
        "rev": "2fbfb1d73d239d2402a8fe03963e37aab15abe8b",
        "type": "github"
      },
      "original": {
        "owner": "NixOS",
        "ref": "nixos-unstable",
        "repo": "nixpkgs",
        "type": "github"
      }
    },
    "nixpkgs_2": {
      "locked": {
        "lastModified": 1765803225,
        "narHash": "sha256-xwaZV/UgJ04+ixbZZfoDE8IsOWjtvQZICh9aamzPnrg=",
        "owner": "NixOS",
        "repo": "nixpkgs",
        "rev": "ac9a217389ee622d4e1e727c4efcc9c4bc9089ba",
        "type": "github"
      },
      "original": {
        "owner": "NixOS",
        "ref": "nixpkgs-unstable",
        "repo": "nixpkgs",
        "type": "github"
      }
    },
    "root": {
      "inputs": {
        "flakelight": "flakelight",
        "nixpkgs": "nixpkgs_2"
      }
    }
  },
  "root": "root",
  "version": 7
}
